// !$*UTF8*$!
{
	archiveVersion = 1;
	classes = {
	};
	objectVersion = 56;
	objects = {

/* Begin PBXBuildFile section */
		0D0C9B022AC5EFCA000A4C29 /* OnboardingView.swift in Sources */ = {isa = PBXBuildFile; fileRef = 0D0C9B012AC5EFCA000A4C29 /* OnboardingView.swift */; };
		0D0C9B052AC60BE3000A4C29 /* OnboardingData.swift in Sources */ = {isa = PBXBuildFile; fileRef = 0D0C9B042AC60BE3000A4C29 /* OnboardingData.swift */; };
		0D3C1C5E2AC7060C00AD84DF /* NextButton.swift in Sources */ = {isa = PBXBuildFile; fileRef = 0D3C1C5D2AC7060C00AD84DF /* NextButton.swift */; };
		0D3C1C632AC7169400AD84DF /* SkipButton.swift in Sources */ = {isa = PBXBuildFile; fileRef = 0D3C1C622AC7169400AD84DF /* SkipButton.swift */; };
		0D3C1C652AC7357300AD84DF /* StartButton.swift in Sources */ = {isa = PBXBuildFile; fileRef = 0D3C1C642AC7357200AD84DF /* StartButton.swift */; };
		0D6F8C192AC30DDC00FB963B /* PlaylistView.swift in Sources */ = {isa = PBXBuildFile; fileRef = 0D6F8C182AC30DDC00FB963B /* PlaylistView.swift */; };
		0D6F8C1D2AC3136F00FB963B /* FavoritesCell.swift in Sources */ = {isa = PBXBuildFile; fileRef = 0D6F8C1C2AC3136E00FB963B /* FavoritesCell.swift */; };
		0D6F8C212AC3688D00FB963B /* PlaylistCell.swift in Sources */ = {isa = PBXBuildFile; fileRef = 0D6F8C202AC3688D00FB963B /* PlaylistCell.swift */; };
		0D6F8C232AC3784700FB963B /* CreatePlaylistButton.swift in Sources */ = {isa = PBXBuildFile; fileRef = 0D6F8C222AC3784700FB963B /* CreatePlaylistButton.swift */; };
		0DF51C9A2AC497AE00413A8A /* CreatePlaylistView.swift in Sources */ = {isa = PBXBuildFile; fileRef = 0DF51C992AC497AE00413A8A /* CreatePlaylistView.swift */; };
		0DF51C9D2AC4A5AC00413A8A /* SearchBarCreatePlaylist.swift in Sources */ = {isa = PBXBuildFile; fileRef = 0DF51C9C2AC4A5AC00413A8A /* SearchBarCreatePlaylist.swift */; };
		0DF51CA02AC4B7FB00413A8A /* CreatePlaylistCells.swift in Sources */ = {isa = PBXBuildFile; fileRef = 0DF51C9F2AC4B7FB00413A8A /* CreatePlaylistCells.swift */; };
		10B8F9772AC4A9A1008DE769 /* SearchView.swift in Sources */ = {isa = PBXBuildFile; fileRef = 10B8F96D2AC4A9A1008DE769 /* SearchView.swift */; };
		10B8F9782AC4A9A1008DE769 /* SearchContentView.swift in Sources */ = {isa = PBXBuildFile; fileRef = 10B8F96E2AC4A9A1008DE769 /* SearchContentView.swift */; };
		10B8F9792AC4A9A1008DE769 /* SearchBarView.swift in Sources */ = {isa = PBXBuildFile; fileRef = 10B8F9702AC4A9A1008DE769 /* SearchBarView.swift */; };
		10B8F97A2AC4A9A1008DE769 /* PodcastElement.swift in Sources */ = {isa = PBXBuildFile; fileRef = 10B8F9712AC4A9A1008DE769 /* PodcastElement.swift */; };
		10B8F97B2AC4A9A1008DE769 /* SearchStore.swift in Sources */ = {isa = PBXBuildFile; fileRef = 10B8F9732AC4A9A1008DE769 /* SearchStore.swift */; };
		10B8F97C2AC4A9A1008DE769 /* ResultStore.swift in Sources */ = {isa = PBXBuildFile; fileRef = 10B8F9742AC4A9A1008DE769 /* ResultStore.swift */; };
		10B8F97D2AC4A9A1008DE769 /* SearchDomain.swift in Sources */ = {isa = PBXBuildFile; fileRef = 10B8F9752AC4A9A1008DE769 /* SearchDomain.swift */; };
		10B8F97E2AC4A9A1008DE769 /* ResultDomain.swift in Sources */ = {isa = PBXBuildFile; fileRef = 10B8F9762AC4A9A1008DE769 /* ResultDomain.swift */; };
		3C7D49C72AC2F29C0084CD25 /* ProfileDomain.swift in Sources */ = {isa = PBXBuildFile; fileRef = 3C7D49C62AC2F29C0084CD25 /* ProfileDomain.swift */; };
		3C7D49C92AC2F2C00084CD25 /* AccountSettingsView.swift in Sources */ = {isa = PBXBuildFile; fileRef = 3C7D49C82AC2F2C00084CD25 /* AccountSettingsView.swift */; };
		3C7D49CB2AC2F2D10084CD25 /* ProfileSettingsView.swift in Sources */ = {isa = PBXBuildFile; fileRef = 3C7D49CA2AC2F2D10084CD25 /* ProfileSettingsView.swift */; };
		3C7D49CD2AC2F9350084CD25 /* CustomTextField.swift in Sources */ = {isa = PBXBuildFile; fileRef = 3C7D49CC2AC2F9350084CD25 /* CustomTextField.swift */; };
		3C7D49D02AC2FAF30084CD25 /* ProfileSettingsRowView.swift in Sources */ = {isa = PBXBuildFile; fileRef = 3C7D49CF2AC2FAF30084CD25 /* ProfileSettingsRowView.swift */; };
		3C7D49D22AC2FDEC0084CD25 /* ProfileHeaderView.swift in Sources */ = {isa = PBXBuildFile; fileRef = 3C7D49D12AC2FDEC0084CD25 /* ProfileHeaderView.swift */; };
		3C7D49D52AC31AA20084CD25 /* AccountHeaderView.swift in Sources */ = {isa = PBXBuildFile; fileRef = 3C7D49D42AC31AA20084CD25 /* AccountHeaderView.swift */; };
		3C7D49D72AC31ABB0084CD25 /* SaveButtonView.swift in Sources */ = {isa = PBXBuildFile; fileRef = 3C7D49D62AC31ABB0084CD25 /* SaveButtonView.swift */; };
		3C7D49D92AC31AD40084CD25 /* ProfileImageSectionView.swift in Sources */ = {isa = PBXBuildFile; fileRef = 3C7D49D82AC31AD40084CD25 /* ProfileImageSectionView.swift */; };
		3C7D49DB2AC31AF00084CD25 /* GenderSectionView.swift in Sources */ = {isa = PBXBuildFile; fileRef = 3C7D49DA2AC31AF00084CD25 /* GenderSectionView.swift */; };
		8658CCE62AC873C7005B454C /* GoogleService-Info.plist in Resources */ = {isa = PBXBuildFile; fileRef = 8658CCE52AC873C7005B454C /* GoogleService-Info.plist */; };
		86F3420E2AC19B870007213C /* Repository in Frameworks */ = {isa = PBXBuildFile; productRef = 86F3420D2AC19B870007213C /* Repository */; };
		86F342102AC19B8D0007213C /* Models in Frameworks */ = {isa = PBXBuildFile; productRef = 86F3420F2AC19B8D0007213C /* Models */; };
		86F342122AC19DBD0007213C /* Repository in Resources */ = {isa = PBXBuildFile; fileRef = 86F342112AC19DBD0007213C /* Repository */; };
		86FF7EF62AC630F500A8FE52 /* LoadableImage in Frameworks */ = {isa = PBXBuildFile; productRef = 86FF7EF52AC630F500A8FE52 /* LoadableImage */; };
		A17F6E8F2AC217D800819964 /* HomePageDomain.swift in Sources */ = {isa = PBXBuildFile; fileRef = A17F6E8E2AC217D800819964 /* HomePageDomain.swift */; };
		A17F6E922AC36D9600819964 /* HomePageHeaderView.swift in Sources */ = {isa = PBXBuildFile; fileRef = A17F6E912AC36D9600819964 /* HomePageHeaderView.swift */; };
		A17F6E952AC36E2000819964 /* CategoryCellView.swift in Sources */ = {isa = PBXBuildFile; fileRef = A17F6E942AC36E2000819964 /* CategoryCellView.swift */; };
		A17F6E9E2AC4B23C00819964 /* Manrope-Regular.ttf in Resources */ = {isa = PBXBuildFile; fileRef = A17F6E972AC4B23C00819964 /* Manrope-Regular.ttf */; };
		A17F6E9F2AC4B23C00819964 /* Manrope-Light.ttf in Resources */ = {isa = PBXBuildFile; fileRef = A17F6E982AC4B23C00819964 /* Manrope-Light.ttf */; };
		A17F6EA02AC4B23C00819964 /* Manrope-Bold.ttf in Resources */ = {isa = PBXBuildFile; fileRef = A17F6E992AC4B23C00819964 /* Manrope-Bold.ttf */; };
		A17F6EA12AC4B23C00819964 /* Manrope-ExtraLight.ttf in Resources */ = {isa = PBXBuildFile; fileRef = A17F6E9A2AC4B23C00819964 /* Manrope-ExtraLight.ttf */; };
		A17F6EA22AC4B23C00819964 /* Manrope-SemiBold.ttf in Resources */ = {isa = PBXBuildFile; fileRef = A17F6E9B2AC4B23C00819964 /* Manrope-SemiBold.ttf */; };
		A17F6EA32AC4B23C00819964 /* Manrope-ExtraBold.ttf in Resources */ = {isa = PBXBuildFile; fileRef = A17F6E9C2AC4B23C00819964 /* Manrope-ExtraBold.ttf */; };
		A17F6EA42AC4B23C00819964 /* Manrope-Medium.ttf in Resources */ = {isa = PBXBuildFile; fileRef = A17F6E9D2AC4B23C00819964 /* Manrope-Medium.ttf */; };
		A17F6EA82AC4B55F00819964 /* CustomFont.swift in Sources */ = {isa = PBXBuildFile; fileRef = A17F6EA72AC4B55F00819964 /* CustomFont.swift */; };
		A17F6EAA2AC4B68500819964 /* Font+Extension.swift in Sources */ = {isa = PBXBuildFile; fileRef = A17F6EA92AC4B68500819964 /* Font+Extension.swift */; };
		A17F6EB02AC5FC1C00819964 /* PodcastCellView.swift in Sources */ = {isa = PBXBuildFile; fileRef = A17F6EAF2AC5FC1C00819964 /* PodcastCellView.swift */; };
		A1A44D232AC18C9700F2FED9 /* PodcastMagazineApp.swift in Sources */ = {isa = PBXBuildFile; fileRef = A1A44D222AC18C9700F2FED9 /* PodcastMagazineApp.swift */; };
		A1A44D272AC18C9800F2FED9 /* Assets.xcassets in Resources */ = {isa = PBXBuildFile; fileRef = A1A44D262AC18C9800F2FED9 /* Assets.xcassets */; };
		A1A44D2A2AC18C9800F2FED9 /* Preview Assets.xcassets in Resources */ = {isa = PBXBuildFile; fileRef = A1A44D292AC18C9800F2FED9 /* Preview Assets.xcassets */; };
		A1A44D342AC18D6A00F2FED9 /* HomePageView.swift in Sources */ = {isa = PBXBuildFile; fileRef = A1A44D332AC18D6A00F2FED9 /* HomePageView.swift */; };
		A1DDCEA72AC95C1000829B6E /* PodcastDescriptionView.swift in Sources */ = {isa = PBXBuildFile; fileRef = A1DDCEA62AC95C1000829B6E /* PodcastDescriptionView.swift */; };
		A1DDCEA92AC9629D00829B6E /* CustomBackButton.swift in Sources */ = {isa = PBXBuildFile; fileRef = A1DDCEA82AC9629D00829B6E /* CustomBackButton.swift */; };
		A1DDCEAB2AC97A0200829B6E /* EpisodeCellView.swift in Sources */ = {isa = PBXBuildFile; fileRef = A1DDCEAA2AC97A0100829B6E /* EpisodeCellView.swift */; };
/* End PBXBuildFile section */

/* Begin PBXFileReference section */
		0D0C9B012AC5EFCA000A4C29 /* OnboardingView.swift */ = {isa = PBXFileReference; lastKnownFileType = sourcecode.swift; path = OnboardingView.swift; sourceTree = "<group>"; };
		0D0C9B042AC60BE3000A4C29 /* OnboardingData.swift */ = {isa = PBXFileReference; lastKnownFileType = sourcecode.swift; path = OnboardingData.swift; sourceTree = "<group>"; };
		0D3C1C5D2AC7060C00AD84DF /* NextButton.swift */ = {isa = PBXFileReference; lastKnownFileType = sourcecode.swift; path = NextButton.swift; sourceTree = "<group>"; };
		0D3C1C622AC7169400AD84DF /* SkipButton.swift */ = {isa = PBXFileReference; lastKnownFileType = sourcecode.swift; path = SkipButton.swift; sourceTree = "<group>"; };
		0D3C1C642AC7357200AD84DF /* StartButton.swift */ = {isa = PBXFileReference; lastKnownFileType = sourcecode.swift; path = StartButton.swift; sourceTree = "<group>"; };
		0D6F8C182AC30DDC00FB963B /* PlaylistView.swift */ = {isa = PBXFileReference; lastKnownFileType = sourcecode.swift; path = PlaylistView.swift; sourceTree = "<group>"; };
		0D6F8C1C2AC3136E00FB963B /* FavoritesCell.swift */ = {isa = PBXFileReference; lastKnownFileType = sourcecode.swift; path = FavoritesCell.swift; sourceTree = "<group>"; };
		0D6F8C202AC3688D00FB963B /* PlaylistCell.swift */ = {isa = PBXFileReference; lastKnownFileType = sourcecode.swift; path = PlaylistCell.swift; sourceTree = "<group>"; };
		0D6F8C222AC3784700FB963B /* CreatePlaylistButton.swift */ = {isa = PBXFileReference; lastKnownFileType = sourcecode.swift; path = CreatePlaylistButton.swift; sourceTree = "<group>"; };
		0DF51C992AC497AE00413A8A /* CreatePlaylistView.swift */ = {isa = PBXFileReference; lastKnownFileType = sourcecode.swift; path = CreatePlaylistView.swift; sourceTree = "<group>"; };
		0DF51C9C2AC4A5AC00413A8A /* SearchBarCreatePlaylist.swift */ = {isa = PBXFileReference; lastKnownFileType = sourcecode.swift; path = SearchBarCreatePlaylist.swift; sourceTree = "<group>"; };
		0DF51C9F2AC4B7FB00413A8A /* CreatePlaylistCells.swift */ = {isa = PBXFileReference; lastKnownFileType = sourcecode.swift; path = CreatePlaylistCells.swift; sourceTree = "<group>"; };
		10B8F96D2AC4A9A1008DE769 /* SearchView.swift */ = {isa = PBXFileReference; fileEncoding = 4; lastKnownFileType = sourcecode.swift; path = SearchView.swift; sourceTree = "<group>"; };
		10B8F96E2AC4A9A1008DE769 /* SearchContentView.swift */ = {isa = PBXFileReference; fileEncoding = 4; lastKnownFileType = sourcecode.swift; path = SearchContentView.swift; sourceTree = "<group>"; };
		10B8F9702AC4A9A1008DE769 /* SearchBarView.swift */ = {isa = PBXFileReference; fileEncoding = 4; lastKnownFileType = sourcecode.swift; path = SearchBarView.swift; sourceTree = "<group>"; };
		10B8F9712AC4A9A1008DE769 /* PodcastElement.swift */ = {isa = PBXFileReference; fileEncoding = 4; lastKnownFileType = sourcecode.swift; path = PodcastElement.swift; sourceTree = "<group>"; };
		10B8F9732AC4A9A1008DE769 /* SearchStore.swift */ = {isa = PBXFileReference; fileEncoding = 4; lastKnownFileType = sourcecode.swift; path = SearchStore.swift; sourceTree = "<group>"; };
		10B8F9742AC4A9A1008DE769 /* ResultStore.swift */ = {isa = PBXFileReference; fileEncoding = 4; lastKnownFileType = sourcecode.swift; path = ResultStore.swift; sourceTree = "<group>"; };
		10B8F9752AC4A9A1008DE769 /* SearchDomain.swift */ = {isa = PBXFileReference; fileEncoding = 4; lastKnownFileType = sourcecode.swift; path = SearchDomain.swift; sourceTree = "<group>"; };
		10B8F9762AC4A9A1008DE769 /* ResultDomain.swift */ = {isa = PBXFileReference; fileEncoding = 4; lastKnownFileType = sourcecode.swift; path = ResultDomain.swift; sourceTree = "<group>"; };
		3C7D49C62AC2F29C0084CD25 /* ProfileDomain.swift */ = {isa = PBXFileReference; lastKnownFileType = sourcecode.swift; path = ProfileDomain.swift; sourceTree = "<group>"; };
		3C7D49C82AC2F2C00084CD25 /* AccountSettingsView.swift */ = {isa = PBXFileReference; lastKnownFileType = sourcecode.swift; path = AccountSettingsView.swift; sourceTree = "<group>"; };
		3C7D49CA2AC2F2D10084CD25 /* ProfileSettingsView.swift */ = {isa = PBXFileReference; lastKnownFileType = sourcecode.swift; path = ProfileSettingsView.swift; sourceTree = "<group>"; };
		3C7D49CC2AC2F9350084CD25 /* CustomTextField.swift */ = {isa = PBXFileReference; lastKnownFileType = sourcecode.swift; path = CustomTextField.swift; sourceTree = "<group>"; };
		3C7D49CF2AC2FAF30084CD25 /* ProfileSettingsRowView.swift */ = {isa = PBXFileReference; lastKnownFileType = sourcecode.swift; path = ProfileSettingsRowView.swift; sourceTree = "<group>"; };
		3C7D49D12AC2FDEC0084CD25 /* ProfileHeaderView.swift */ = {isa = PBXFileReference; lastKnownFileType = sourcecode.swift; path = ProfileHeaderView.swift; sourceTree = "<group>"; };
		3C7D49D42AC31AA20084CD25 /* AccountHeaderView.swift */ = {isa = PBXFileReference; lastKnownFileType = sourcecode.swift; path = AccountHeaderView.swift; sourceTree = "<group>"; };
		3C7D49D62AC31ABB0084CD25 /* SaveButtonView.swift */ = {isa = PBXFileReference; lastKnownFileType = sourcecode.swift; path = SaveButtonView.swift; sourceTree = "<group>"; };
		3C7D49D82AC31AD40084CD25 /* ProfileImageSectionView.swift */ = {isa = PBXFileReference; lastKnownFileType = sourcecode.swift; path = ProfileImageSectionView.swift; sourceTree = "<group>"; };
		3C7D49DA2AC31AF00084CD25 /* GenderSectionView.swift */ = {isa = PBXFileReference; lastKnownFileType = sourcecode.swift; path = GenderSectionView.swift; sourceTree = "<group>"; };
		8658CCE52AC873C7005B454C /* GoogleService-Info.plist */ = {isa = PBXFileReference; fileEncoding = 4; lastKnownFileType = text.plist.xml; path = "GoogleService-Info.plist"; sourceTree = "<group>"; };
		86F342112AC19DBD0007213C /* Repository */ = {isa = PBXFileReference; lastKnownFileType = wrapper; path = Repository; sourceTree = "<group>"; };
		A17F6E8E2AC217D800819964 /* HomePageDomain.swift */ = {isa = PBXFileReference; lastKnownFileType = sourcecode.swift; path = HomePageDomain.swift; sourceTree = "<group>"; };
		A17F6E912AC36D9600819964 /* HomePageHeaderView.swift */ = {isa = PBXFileReference; lastKnownFileType = sourcecode.swift; path = HomePageHeaderView.swift; sourceTree = "<group>"; };
		A17F6E942AC36E2000819964 /* CategoryCellView.swift */ = {isa = PBXFileReference; lastKnownFileType = sourcecode.swift; path = CategoryCellView.swift; sourceTree = "<group>"; };
		A17F6E972AC4B23C00819964 /* Manrope-Regular.ttf */ = {isa = PBXFileReference; lastKnownFileType = file; path = "Manrope-Regular.ttf"; sourceTree = "<group>"; };
		A17F6E982AC4B23C00819964 /* Manrope-Light.ttf */ = {isa = PBXFileReference; lastKnownFileType = file; path = "Manrope-Light.ttf"; sourceTree = "<group>"; };
		A17F6E992AC4B23C00819964 /* Manrope-Bold.ttf */ = {isa = PBXFileReference; lastKnownFileType = file; path = "Manrope-Bold.ttf"; sourceTree = "<group>"; };
		A17F6E9A2AC4B23C00819964 /* Manrope-ExtraLight.ttf */ = {isa = PBXFileReference; lastKnownFileType = file; path = "Manrope-ExtraLight.ttf"; sourceTree = "<group>"; };
		A17F6E9B2AC4B23C00819964 /* Manrope-SemiBold.ttf */ = {isa = PBXFileReference; lastKnownFileType = file; path = "Manrope-SemiBold.ttf"; sourceTree = "<group>"; };
		A17F6E9C2AC4B23C00819964 /* Manrope-ExtraBold.ttf */ = {isa = PBXFileReference; lastKnownFileType = file; path = "Manrope-ExtraBold.ttf"; sourceTree = "<group>"; };
		A17F6E9D2AC4B23C00819964 /* Manrope-Medium.ttf */ = {isa = PBXFileReference; lastKnownFileType = file; path = "Manrope-Medium.ttf"; sourceTree = "<group>"; };
		A17F6EA52AC4B2A100819964 /* Info.plist */ = {isa = PBXFileReference; lastKnownFileType = text.plist; path = Info.plist; sourceTree = "<group>"; };
		A17F6EA72AC4B55F00819964 /* CustomFont.swift */ = {isa = PBXFileReference; lastKnownFileType = sourcecode.swift; path = CustomFont.swift; sourceTree = "<group>"; };
		A17F6EA92AC4B68500819964 /* Font+Extension.swift */ = {isa = PBXFileReference; lastKnownFileType = sourcecode.swift; path = "Font+Extension.swift"; sourceTree = "<group>"; };
		A17F6EAF2AC5FC1C00819964 /* PodcastCellView.swift */ = {isa = PBXFileReference; lastKnownFileType = sourcecode.swift; path = PodcastCellView.swift; sourceTree = "<group>"; };
		A1A44D1F2AC18C9700F2FED9 /* PodcastMagazine.app */ = {isa = PBXFileReference; explicitFileType = wrapper.application; includeInIndex = 0; path = PodcastMagazine.app; sourceTree = BUILT_PRODUCTS_DIR; };
		A1A44D222AC18C9700F2FED9 /* PodcastMagazineApp.swift */ = {isa = PBXFileReference; lastKnownFileType = sourcecode.swift; path = PodcastMagazineApp.swift; sourceTree = "<group>"; };
		A1A44D262AC18C9800F2FED9 /* Assets.xcassets */ = {isa = PBXFileReference; lastKnownFileType = folder.assetcatalog; path = Assets.xcassets; sourceTree = "<group>"; };
		A1A44D292AC18C9800F2FED9 /* Preview Assets.xcassets */ = {isa = PBXFileReference; lastKnownFileType = folder.assetcatalog; path = "Preview Assets.xcassets"; sourceTree = "<group>"; };
		A1A44D332AC18D6A00F2FED9 /* HomePageView.swift */ = {isa = PBXFileReference; lastKnownFileType = sourcecode.swift; path = HomePageView.swift; sourceTree = "<group>"; };
		A1DDCEA62AC95C1000829B6E /* PodcastDescriptionView.swift */ = {isa = PBXFileReference; lastKnownFileType = sourcecode.swift; path = PodcastDescriptionView.swift; sourceTree = "<group>"; };
		A1DDCEA82AC9629D00829B6E /* CustomBackButton.swift */ = {isa = PBXFileReference; lastKnownFileType = sourcecode.swift; path = CustomBackButton.swift; sourceTree = "<group>"; };
		A1DDCEAA2AC97A0100829B6E /* EpisodeCellView.swift */ = {isa = PBXFileReference; lastKnownFileType = sourcecode.swift; path = EpisodeCellView.swift; sourceTree = "<group>"; };
/* End PBXFileReference section */

/* Begin PBXFrameworksBuildPhase section */
		A1A44D1C2AC18C9700F2FED9 /* Frameworks */ = {
			isa = PBXFrameworksBuildPhase;
			buildActionMask = 2147483647;
			files = (
				86FF7EF62AC630F500A8FE52 /* LoadableImage in Frameworks */,
				86F342102AC19B8D0007213C /* Models in Frameworks */,
				86F3420E2AC19B870007213C /* Repository in Frameworks */,
			);
			runOnlyForDeploymentPostprocessing = 0;
		};
/* End PBXFrameworksBuildPhase section */

/* Begin PBXGroup section */
		0D0C9B032AC5EFD4000A4C29 /* Onboarding */ = {
			isa = PBXGroup;
			children = (
				0D0C9B042AC60BE3000A4C29 /* OnboardingData.swift */,
				0D0C9B012AC5EFCA000A4C29 /* OnboardingView.swift */,
				0D3C1C5F2AC7083800AD84DF /* Components */,
			);
			path = Onboarding;
			sourceTree = "<group>";
		};
		0D0E87AE2AC48BD00036FE52 /* PlaylistView */ = {
			isa = PBXGroup;
			children = (
				0D6F8C182AC30DDC00FB963B /* PlaylistView.swift */,
				0D0E87AF2AC48C1B0036FE52 /* Components */,
			);
			path = PlaylistView;
			sourceTree = "<group>";
		};
		0D0E87AF2AC48C1B0036FE52 /* Components */ = {
			isa = PBXGroup;
			children = (
				0D6F8C1C2AC3136E00FB963B /* FavoritesCell.swift */,
				0D6F8C202AC3688D00FB963B /* PlaylistCell.swift */,
				0D6F8C222AC3784700FB963B /* CreatePlaylistButton.swift */,
			);
			path = Components;
			sourceTree = "<group>";
		};
		0D3C1C5F2AC7083800AD84DF /* Components */ = {
			isa = PBXGroup;
			children = (
				0D3C1C5D2AC7060C00AD84DF /* NextButton.swift */,
				0D3C1C622AC7169400AD84DF /* SkipButton.swift */,
				0D3C1C642AC7357200AD84DF /* StartButton.swift */,
			);
			path = Components;
			sourceTree = "<group>";
		};
		0DF51C9B2AC497B700413A8A /* CreatePlaylist */ = {
			isa = PBXGroup;
			children = (
				0DF51C992AC497AE00413A8A /* CreatePlaylistView.swift */,
				0DF51C9E2AC4A5B300413A8A /* Components */,
			);
			path = CreatePlaylist;
			sourceTree = "<group>";
		};
		0DF51C9E2AC4A5B300413A8A /* Components */ = {
			isa = PBXGroup;
			children = (
				0DF51C9C2AC4A5AC00413A8A /* SearchBarCreatePlaylist.swift */,
				0DF51C9F2AC4B7FB00413A8A /* CreatePlaylistCells.swift */,
			);
			path = Components;
			sourceTree = "<group>";
		};
		10B8F96C2AC4A9A1008DE769 /* SearchView */ = {
			isa = PBXGroup;
			children = (
				10B8F96D2AC4A9A1008DE769 /* SearchView.swift */,
				10B8F96E2AC4A9A1008DE769 /* SearchContentView.swift */,
				10B8F96F2AC4A9A1008DE769 /* Components */,
				10B8F9722AC4A9A1008DE769 /* UDF */,
			);
			path = SearchView;
			sourceTree = "<group>";
		};
		10B8F96F2AC4A9A1008DE769 /* Components */ = {
			isa = PBXGroup;
			children = (
				10B8F9702AC4A9A1008DE769 /* SearchBarView.swift */,
				10B8F9712AC4A9A1008DE769 /* PodcastElement.swift */,
			);
			path = Components;
			sourceTree = "<group>";
		};
		10B8F9722AC4A9A1008DE769 /* UDF */ = {
			isa = PBXGroup;
			children = (
				10B8F9732AC4A9A1008DE769 /* SearchStore.swift */,
				10B8F9742AC4A9A1008DE769 /* ResultStore.swift */,
				10B8F9752AC4A9A1008DE769 /* SearchDomain.swift */,
				10B8F9762AC4A9A1008DE769 /* ResultDomain.swift */,
			);
			path = UDF;
			sourceTree = "<group>";
		};
		3C7D49C52AC2F2870084CD25 /* ProfileScreen */ = {
			isa = PBXGroup;
			children = (
				3C7D49C62AC2F29C0084CD25 /* ProfileDomain.swift */,
				3C7D49CA2AC2F2D10084CD25 /* ProfileSettingsView.swift */,
				3C7D49C82AC2F2C00084CD25 /* AccountSettingsView.swift */,
				3C7D49CE2AC2FADD0084CD25 /* Components */,
			);
			path = ProfileScreen;
			sourceTree = "<group>";
		};
		3C7D49CE2AC2FADD0084CD25 /* Components */ = {
			isa = PBXGroup;
			children = (
				3C7D49CC2AC2F9350084CD25 /* CustomTextField.swift */,
				3C7D49DA2AC31AF00084CD25 /* GenderSectionView.swift */,
				3C7D49CF2AC2FAF30084CD25 /* ProfileSettingsRowView.swift */,
				3C7D49D82AC31AD40084CD25 /* ProfileImageSectionView.swift */,
				3C7D49D42AC31AA20084CD25 /* AccountHeaderView.swift */,
				3C7D49D62AC31ABB0084CD25 /* SaveButtonView.swift */,
				3C7D49D12AC2FDEC0084CD25 /* ProfileHeaderView.swift */,
			);
			path = Components;
			sourceTree = "<group>";
		};
		86F3420C2AC19B870007213C /* Frameworks */ = {
			isa = PBXGroup;
			children = (
			);
			name = Frameworks;
			sourceTree = "<group>";
		};
		A17F6E902AC36D6B00819964 /* Components */ = {
			isa = PBXGroup;
			children = (
				A17F6E912AC36D9600819964 /* HomePageHeaderView.swift */,
				A17F6E942AC36E2000819964 /* CategoryCellView.swift */,
				A17F6EAF2AC5FC1C00819964 /* PodcastCellView.swift */,
				A1DDCEA62AC95C1000829B6E /* PodcastDescriptionView.swift */,
				A1DDCEA82AC9629D00829B6E /* CustomBackButton.swift */,
				A1DDCEAA2AC97A0100829B6E /* EpisodeCellView.swift */,
			);
			path = Components;
			sourceTree = "<group>";
		};
		A17F6E962AC4B21900819964 /* Fonts */ = {
			isa = PBXGroup;
			children = (
				A17F6E992AC4B23C00819964 /* Manrope-Bold.ttf */,
				A17F6E9C2AC4B23C00819964 /* Manrope-ExtraBold.ttf */,
				A17F6E9A2AC4B23C00819964 /* Manrope-ExtraLight.ttf */,
				A17F6E982AC4B23C00819964 /* Manrope-Light.ttf */,
				A17F6E9D2AC4B23C00819964 /* Manrope-Medium.ttf */,
				A17F6E972AC4B23C00819964 /* Manrope-Regular.ttf */,
				A17F6E9B2AC4B23C00819964 /* Manrope-SemiBold.ttf */,
			);
			path = Fonts;
			sourceTree = "<group>";
		};
		A17F6EA62AC4B50200819964 /* Extensions */ = {
			isa = PBXGroup;
			children = (
				A17F6EA72AC4B55F00819964 /* CustomFont.swift */,
				A17F6EA92AC4B68500819964 /* Font+Extension.swift */,
			);
			path = Extensions;
			sourceTree = "<group>";
		};
		A1A44D162AC18C9700F2FED9 = {
			isa = PBXGroup;
			children = (
				86F342112AC19DBD0007213C /* Repository */,
				A1A44D212AC18C9700F2FED9 /* PodcastMagazine */,
				A1A44D202AC18C9700F2FED9 /* Products */,
				86F3420C2AC19B870007213C /* Frameworks */,
			);
			sourceTree = "<group>";
		};
		A1A44D202AC18C9700F2FED9 /* Products */ = {
			isa = PBXGroup;
			children = (
				A1A44D1F2AC18C9700F2FED9 /* PodcastMagazine.app */,
			);
			name = Products;
			sourceTree = "<group>";
		};
		A1A44D212AC18C9700F2FED9 /* PodcastMagazine */ = {
			isa = PBXGroup;
			children = (
				8658CCE52AC873C7005B454C /* GoogleService-Info.plist */,
				A17F6EA52AC4B2A100819964 /* Info.plist */,
				A1A44D302AC18D1C00F2FED9 /* Application */,
				A1A44D312AC18D3300F2FED9 /* Screens */,
				A17F6EA62AC4B50200819964 /* Extensions */,
				A1A44D352AC18D8000F2FED9 /* Resources */,
				A1A44D282AC18C9800F2FED9 /* Preview Content */,
			);
			path = PodcastMagazine;
			sourceTree = "<group>";
		};
		A1A44D282AC18C9800F2FED9 /* Preview Content */ = {
			isa = PBXGroup;
			children = (
				A1A44D292AC18C9800F2FED9 /* Preview Assets.xcassets */,
			);
			path = "Preview Content";
			sourceTree = "<group>";
		};
		A1A44D302AC18D1C00F2FED9 /* Application */ = {
			isa = PBXGroup;
			children = (
				A1A44D222AC18C9700F2FED9 /* PodcastMagazineApp.swift */,
			);
			path = Application;
			sourceTree = "<group>";
		};
		A1A44D312AC18D3300F2FED9 /* Screens */ = {
			isa = PBXGroup;
			children = (
				0D0C9B032AC5EFD4000A4C29 /* Onboarding */,
				10B8F96C2AC4A9A1008DE769 /* SearchView */,
				3C7D49C52AC2F2870084CD25 /* ProfileScreen */,
				A1A44D322AC18D4A00F2FED9 /* HomePageView */,
				0D0E87AE2AC48BD00036FE52 /* PlaylistView */,
				0DF51C9B2AC497B700413A8A /* CreatePlaylist */,
			);
			path = Screens;
			sourceTree = "<group>";
		};
		A1A44D322AC18D4A00F2FED9 /* HomePageView */ = {
			isa = PBXGroup;
			children = (
				A17F6E902AC36D6B00819964 /* Components */,
				A1A44D332AC18D6A00F2FED9 /* HomePageView.swift */,
				A17F6E8E2AC217D800819964 /* HomePageDomain.swift */,
			);
			path = HomePageView;
			sourceTree = "<group>";
		};
		A1A44D352AC18D8000F2FED9 /* Resources */ = {
			isa = PBXGroup;
			children = (
				A17F6E962AC4B21900819964 /* Fonts */,
				A1A44D262AC18C9800F2FED9 /* Assets.xcassets */,
			);
			path = Resources;
			sourceTree = "<group>";
		};
/* End PBXGroup section */

/* Begin PBXNativeTarget section */
		A1A44D1E2AC18C9700F2FED9 /* PodcastMagazine */ = {
			isa = PBXNativeTarget;
			buildConfigurationList = A1A44D2D2AC18C9800F2FED9 /* Build configuration list for PBXNativeTarget "PodcastMagazine" */;
			buildPhases = (
				A1A44D1B2AC18C9700F2FED9 /* Sources */,
				A1A44D1C2AC18C9700F2FED9 /* Frameworks */,
				A1A44D1D2AC18C9700F2FED9 /* Resources */,
			);
			buildRules = (
			);
			dependencies = (
			);
			name = PodcastMagazine;
			packageProductDependencies = (
				86F3420D2AC19B870007213C /* Repository */,
				86F3420F2AC19B8D0007213C /* Models */,
				86FF7EF52AC630F500A8FE52 /* LoadableImage */,
			);
			productName = PodcastMagazine;
			productReference = A1A44D1F2AC18C9700F2FED9 /* PodcastMagazine.app */;
			productType = "com.apple.product-type.application";
		};
/* End PBXNativeTarget section */

/* Begin PBXProject section */
		A1A44D172AC18C9700F2FED9 /* Project object */ = {
			isa = PBXProject;
			attributes = {
				BuildIndependentTargetsInParallel = 1;
				LastSwiftUpdateCheck = 1500;
				LastUpgradeCheck = 1500;
				TargetAttributes = {
					A1A44D1E2AC18C9700F2FED9 = {
						CreatedOnToolsVersion = 15.0;
					};
				};
			};
			buildConfigurationList = A1A44D1A2AC18C9700F2FED9 /* Build configuration list for PBXProject "PodcastMagazine" */;
			compatibilityVersion = "Xcode 14.0";
			developmentRegion = en;
			hasScannedForEncodings = 0;
			knownRegions = (
				en,
				Base,
			);
			mainGroup = A1A44D162AC18C9700F2FED9;
			productRefGroup = A1A44D202AC18C9700F2FED9 /* Products */;
			projectDirPath = "";
			projectRoot = "";
			targets = (
				A1A44D1E2AC18C9700F2FED9 /* PodcastMagazine */,
			);
		};
/* End PBXProject section */

/* Begin PBXResourcesBuildPhase section */
		A1A44D1D2AC18C9700F2FED9 /* Resources */ = {
			isa = PBXResourcesBuildPhase;
			buildActionMask = 2147483647;
			files = (
				A17F6EA32AC4B23C00819964 /* Manrope-ExtraBold.ttf in Resources */,
				A17F6E9E2AC4B23C00819964 /* Manrope-Regular.ttf in Resources */,
				A1A44D2A2AC18C9800F2FED9 /* Preview Assets.xcassets in Resources */,
				A1A44D272AC18C9800F2FED9 /* Assets.xcassets in Resources */,
				A17F6EA42AC4B23C00819964 /* Manrope-Medium.ttf in Resources */,
				86F342122AC19DBD0007213C /* Repository in Resources */,
				A17F6EA02AC4B23C00819964 /* Manrope-Bold.ttf in Resources */,
				A17F6EA12AC4B23C00819964 /* Manrope-ExtraLight.ttf in Resources */,
				8658CCE62AC873C7005B454C /* GoogleService-Info.plist in Resources */,
				A17F6EA22AC4B23C00819964 /* Manrope-SemiBold.ttf in Resources */,
				A17F6E9F2AC4B23C00819964 /* Manrope-Light.ttf in Resources */,
			);
			runOnlyForDeploymentPostprocessing = 0;
		};
/* End PBXResourcesBuildPhase section */

/* Begin PBXSourcesBuildPhase section */
		A1A44D1B2AC18C9700F2FED9 /* Sources */ = {
			isa = PBXSourcesBuildPhase;
			buildActionMask = 2147483647;
			files = (
				10B8F97A2AC4A9A1008DE769 /* PodcastElement.swift in Sources */,
				A1DDCEA92AC9629D00829B6E /* CustomBackButton.swift in Sources */,
				10B8F9792AC4A9A1008DE769 /* SearchBarView.swift in Sources */,
				A1DDCEA72AC95C1000829B6E /* PodcastDescriptionView.swift in Sources */,
				3C7D49C72AC2F29C0084CD25 /* ProfileDomain.swift in Sources */,
				0D3C1C652AC7357300AD84DF /* StartButton.swift in Sources */,
				10B8F97D2AC4A9A1008DE769 /* SearchDomain.swift in Sources */,
				0DF51CA02AC4B7FB00413A8A /* CreatePlaylistCells.swift in Sources */,
				0D3C1C5E2AC7060C00AD84DF /* NextButton.swift in Sources */,
				3C7D49C92AC2F2C00084CD25 /* AccountSettingsView.swift in Sources */,
				3C7D49CD2AC2F9350084CD25 /* CustomTextField.swift in Sources */,
				3C7D49DB2AC31AF00084CD25 /* GenderSectionView.swift in Sources */,
				10B8F97E2AC4A9A1008DE769 /* ResultDomain.swift in Sources */,
				A17F6E952AC36E2000819964 /* CategoryCellView.swift in Sources */,
				A17F6EAA2AC4B68500819964 /* Font+Extension.swift in Sources */,
				A17F6EA82AC4B55F00819964 /* CustomFont.swift in Sources */,
				3C7D49D92AC31AD40084CD25 /* ProfileImageSectionView.swift in Sources */,
				3C7D49D72AC31ABB0084CD25 /* SaveButtonView.swift in Sources */,
				3C7D49D02AC2FAF30084CD25 /* ProfileSettingsRowView.swift in Sources */,
				0D0C9B052AC60BE3000A4C29 /* OnboardingData.swift in Sources */,
				A17F6E922AC36D9600819964 /* HomePageHeaderView.swift in Sources */,
				A1A44D342AC18D6A00F2FED9 /* HomePageView.swift in Sources */,
				3C7D49D52AC31AA20084CD25 /* AccountHeaderView.swift in Sources */,
				A1DDCEAB2AC97A0200829B6E /* EpisodeCellView.swift in Sources */,
				3C7D49CB2AC2F2D10084CD25 /* ProfileSettingsView.swift in Sources */,
				10B8F97C2AC4A9A1008DE769 /* ResultStore.swift in Sources */,
				10B8F9772AC4A9A1008DE769 /* SearchView.swift in Sources */,
				0D0C9B022AC5EFCA000A4C29 /* OnboardingView.swift in Sources */,
				0D6F8C1D2AC3136F00FB963B /* FavoritesCell.swift in Sources */,
				10B8F9782AC4A9A1008DE769 /* SearchContentView.swift in Sources */,
				0DF51C9D2AC4A5AC00413A8A /* SearchBarCreatePlaylist.swift in Sources */,
				A1A44D232AC18C9700F2FED9 /* PodcastMagazineApp.swift in Sources */,
				3C7D49D22AC2FDEC0084CD25 /* ProfileHeaderView.swift in Sources */,
				0D3C1C632AC7169400AD84DF /* SkipButton.swift in Sources */,
				10B8F97B2AC4A9A1008DE769 /* SearchStore.swift in Sources */,
				A17F6E8F2AC217D800819964 /* HomePageDomain.swift in Sources */,
				0D6F8C212AC3688D00FB963B /* PlaylistCell.swift in Sources */,
				A17F6EB02AC5FC1C00819964 /* PodcastCellView.swift in Sources */,
				0D6F8C192AC30DDC00FB963B /* PlaylistView.swift in Sources */,
				0DF51C9A2AC497AE00413A8A /* CreatePlaylistView.swift in Sources */,
				0D6F8C232AC3784700FB963B /* CreatePlaylistButton.swift in Sources */,
			);
			runOnlyForDeploymentPostprocessing = 0;
		};
/* End PBXSourcesBuildPhase section */

/* Begin XCBuildConfiguration section */
		A1A44D2B2AC18C9800F2FED9 /* Debug */ = {
			isa = XCBuildConfiguration;
			buildSettings = {
				ALWAYS_SEARCH_USER_PATHS = NO;
				ASSETCATALOG_COMPILER_GENERATE_SWIFT_ASSET_SYMBOL_EXTENSIONS = YES;
				CLANG_ANALYZER_NONNULL = YES;
				CLANG_ANALYZER_NUMBER_OBJECT_CONVERSION = YES_AGGRESSIVE;
				CLANG_CXX_LANGUAGE_STANDARD = "gnu++20";
				CLANG_ENABLE_MODULES = YES;
				CLANG_ENABLE_OBJC_ARC = YES;
				CLANG_ENABLE_OBJC_WEAK = YES;
				CLANG_WARN_BLOCK_CAPTURE_AUTORELEASING = YES;
				CLANG_WARN_BOOL_CONVERSION = YES;
				CLANG_WARN_COMMA = YES;
				CLANG_WARN_CONSTANT_CONVERSION = YES;
				CLANG_WARN_DEPRECATED_OBJC_IMPLEMENTATIONS = YES;
				CLANG_WARN_DIRECT_OBJC_ISA_USAGE = YES_ERROR;
				CLANG_WARN_DOCUMENTATION_COMMENTS = YES;
				CLANG_WARN_EMPTY_BODY = YES;
				CLANG_WARN_ENUM_CONVERSION = YES;
				CLANG_WARN_INFINITE_RECURSION = YES;
				CLANG_WARN_INT_CONVERSION = YES;
				CLANG_WARN_NON_LITERAL_NULL_CONVERSION = YES;
				CLANG_WARN_OBJC_IMPLICIT_RETAIN_SELF = YES;
				CLANG_WARN_OBJC_LITERAL_CONVERSION = YES;
				CLANG_WARN_OBJC_ROOT_CLASS = YES_ERROR;
				CLANG_WARN_QUOTED_INCLUDE_IN_FRAMEWORK_HEADER = YES;
				CLANG_WARN_RANGE_LOOP_ANALYSIS = YES;
				CLANG_WARN_STRICT_PROTOTYPES = YES;
				CLANG_WARN_SUSPICIOUS_MOVE = YES;
				CLANG_WARN_UNGUARDED_AVAILABILITY = YES_AGGRESSIVE;
				CLANG_WARN_UNREACHABLE_CODE = YES;
				CLANG_WARN__DUPLICATE_METHOD_MATCH = YES;
				COPY_PHASE_STRIP = NO;
				DEBUG_INFORMATION_FORMAT = dwarf;
				ENABLE_STRICT_OBJC_MSGSEND = YES;
				ENABLE_TESTABILITY = YES;
				ENABLE_USER_SCRIPT_SANDBOXING = YES;
				GCC_C_LANGUAGE_STANDARD = gnu17;
				GCC_DYNAMIC_NO_PIC = NO;
				GCC_NO_COMMON_BLOCKS = YES;
				GCC_OPTIMIZATION_LEVEL = 0;
				GCC_PREPROCESSOR_DEFINITIONS = (
					"DEBUG=1",
					"$(inherited)",
				);
				GCC_WARN_64_TO_32_BIT_CONVERSION = YES;
				GCC_WARN_ABOUT_RETURN_TYPE = YES_ERROR;
				GCC_WARN_UNDECLARED_SELECTOR = YES;
				GCC_WARN_UNINITIALIZED_AUTOS = YES_AGGRESSIVE;
				GCC_WARN_UNUSED_FUNCTION = YES;
				GCC_WARN_UNUSED_VARIABLE = YES;
				IPHONEOS_DEPLOYMENT_TARGET = 17.0;
				LOCALIZATION_PREFERS_STRING_CATALOGS = YES;
				MTL_ENABLE_DEBUG_INFO = INCLUDE_SOURCE;
				MTL_FAST_MATH = YES;
				ONLY_ACTIVE_ARCH = YES;
				SDKROOT = iphoneos;
				SWIFT_ACTIVE_COMPILATION_CONDITIONS = "DEBUG $(inherited)";
				SWIFT_OPTIMIZATION_LEVEL = "-Onone";
			};
			name = Debug;
		};
		A1A44D2C2AC18C9800F2FED9 /* Release */ = {
			isa = XCBuildConfiguration;
			buildSettings = {
				ALWAYS_SEARCH_USER_PATHS = NO;
				ASSETCATALOG_COMPILER_GENERATE_SWIFT_ASSET_SYMBOL_EXTENSIONS = YES;
				CLANG_ANALYZER_NONNULL = YES;
				CLANG_ANALYZER_NUMBER_OBJECT_CONVERSION = YES_AGGRESSIVE;
				CLANG_CXX_LANGUAGE_STANDARD = "gnu++20";
				CLANG_ENABLE_MODULES = YES;
				CLANG_ENABLE_OBJC_ARC = YES;
				CLANG_ENABLE_OBJC_WEAK = YES;
				CLANG_WARN_BLOCK_CAPTURE_AUTORELEASING = YES;
				CLANG_WARN_BOOL_CONVERSION = YES;
				CLANG_WARN_COMMA = YES;
				CLANG_WARN_CONSTANT_CONVERSION = YES;
				CLANG_WARN_DEPRECATED_OBJC_IMPLEMENTATIONS = YES;
				CLANG_WARN_DIRECT_OBJC_ISA_USAGE = YES_ERROR;
				CLANG_WARN_DOCUMENTATION_COMMENTS = YES;
				CLANG_WARN_EMPTY_BODY = YES;
				CLANG_WARN_ENUM_CONVERSION = YES;
				CLANG_WARN_INFINITE_RECURSION = YES;
				CLANG_WARN_INT_CONVERSION = YES;
				CLANG_WARN_NON_LITERAL_NULL_CONVERSION = YES;
				CLANG_WARN_OBJC_IMPLICIT_RETAIN_SELF = YES;
				CLANG_WARN_OBJC_LITERAL_CONVERSION = YES;
				CLANG_WARN_OBJC_ROOT_CLASS = YES_ERROR;
				CLANG_WARN_QUOTED_INCLUDE_IN_FRAMEWORK_HEADER = YES;
				CLANG_WARN_RANGE_LOOP_ANALYSIS = YES;
				CLANG_WARN_STRICT_PROTOTYPES = YES;
				CLANG_WARN_SUSPICIOUS_MOVE = YES;
				CLANG_WARN_UNGUARDED_AVAILABILITY = YES_AGGRESSIVE;
				CLANG_WARN_UNREACHABLE_CODE = YES;
				CLANG_WARN__DUPLICATE_METHOD_MATCH = YES;
				COPY_PHASE_STRIP = NO;
				DEBUG_INFORMATION_FORMAT = "dwarf-with-dsym";
				ENABLE_NS_ASSERTIONS = NO;
				ENABLE_STRICT_OBJC_MSGSEND = YES;
				ENABLE_USER_SCRIPT_SANDBOXING = YES;
				GCC_C_LANGUAGE_STANDARD = gnu17;
				GCC_NO_COMMON_BLOCKS = YES;
				GCC_WARN_64_TO_32_BIT_CONVERSION = YES;
				GCC_WARN_ABOUT_RETURN_TYPE = YES_ERROR;
				GCC_WARN_UNDECLARED_SELECTOR = YES;
				GCC_WARN_UNINITIALIZED_AUTOS = YES_AGGRESSIVE;
				GCC_WARN_UNUSED_FUNCTION = YES;
				GCC_WARN_UNUSED_VARIABLE = YES;
				IPHONEOS_DEPLOYMENT_TARGET = 17.0;
				LOCALIZATION_PREFERS_STRING_CATALOGS = YES;
				MTL_ENABLE_DEBUG_INFO = NO;
				MTL_FAST_MATH = YES;
				SDKROOT = iphoneos;
				SWIFT_COMPILATION_MODE = wholemodule;
				VALIDATE_PRODUCT = YES;
			};
			name = Release;
		};
		A1A44D2E2AC18C9800F2FED9 /* Debug */ = {
			isa = XCBuildConfiguration;
			buildSettings = {
				ASSETCATALOG_COMPILER_APPICON_NAME = AppIcon;
				ASSETCATALOG_COMPILER_GLOBAL_ACCENT_COLOR_NAME = AccentColor;
				CODE_SIGN_STYLE = Automatic;
				CURRENT_PROJECT_VERSION = 1;
				DEVELOPMENT_ASSET_PATHS = "\"PodcastMagazine/Preview Content\"";
				DEVELOPMENT_TEAM = Z262BFFWGC;
				ENABLE_PREVIEWS = YES;
				GENERATE_INFOPLIST_FILE = YES;
				INFOPLIST_FILE = PodcastMagazine/Info.plist;
				INFOPLIST_KEY_LSApplicationCategoryType = "public.app-category.music";
				INFOPLIST_KEY_UIApplicationSceneManifest_Generation = YES;
				INFOPLIST_KEY_UIApplicationSupportsIndirectInputEvents = YES;
				INFOPLIST_KEY_UILaunchScreen_Generation = YES;
				INFOPLIST_KEY_UISupportedInterfaceOrientations = UIInterfaceOrientationPortrait;
				INFOPLIST_KEY_UISupportedInterfaceOrientations_iPad = "UIInterfaceOrientationLandscapeLeft UIInterfaceOrientationLandscapeRight UIInterfaceOrientationPortrait UIInterfaceOrientationPortraitUpsideDown";
				IPHONEOS_DEPLOYMENT_TARGET = 15.0;
				LD_RUNPATH_SEARCH_PATHS = (
					"$(inherited)",
					"@executable_path/Frameworks",
				);
				MARKETING_VERSION = 1.0;
				PRODUCT_BUNDLE_IDENTIFIER = alexrodionby.PodcastMagazine;
				PRODUCT_NAME = "$(TARGET_NAME)";
				SUPPORTED_PLATFORMS = "iphoneos iphonesimulator";
				SUPPORTS_MACCATALYST = NO;
				SUPPORTS_MAC_DESIGNED_FOR_IPHONE_IPAD = NO;
				SWIFT_EMIT_LOC_STRINGS = YES;
				SWIFT_VERSION = 5.0;
				TARGETED_DEVICE_FAMILY = 1;
			};
			name = Debug;
		};
		A1A44D2F2AC18C9800F2FED9 /* Release */ = {
			isa = XCBuildConfiguration;
			buildSettings = {
				ASSETCATALOG_COMPILER_APPICON_NAME = AppIcon;
				ASSETCATALOG_COMPILER_GLOBAL_ACCENT_COLOR_NAME = AccentColor;
				CODE_SIGN_STYLE = Automatic;
				CURRENT_PROJECT_VERSION = 1;
				DEVELOPMENT_ASSET_PATHS = "\"PodcastMagazine/Preview Content\"";
				DEVELOPMENT_TEAM = Z262BFFWGC;
				ENABLE_PREVIEWS = YES;
				GENERATE_INFOPLIST_FILE = YES;
				INFOPLIST_FILE = PodcastMagazine/Info.plist;
				INFOPLIST_KEY_LSApplicationCategoryType = "public.app-category.music";
				INFOPLIST_KEY_UIApplicationSceneManifest_Generation = YES;
				INFOPLIST_KEY_UIApplicationSupportsIndirectInputEvents = YES;
				INFOPLIST_KEY_UILaunchScreen_Generation = YES;
				INFOPLIST_KEY_UISupportedInterfaceOrientations = UIInterfaceOrientationPortrait;
				INFOPLIST_KEY_UISupportedInterfaceOrientations_iPad = "UIInterfaceOrientationLandscapeLeft UIInterfaceOrientationLandscapeRight UIInterfaceOrientationPortrait UIInterfaceOrientationPortraitUpsideDown";
				IPHONEOS_DEPLOYMENT_TARGET = 15.0;
				LD_RUNPATH_SEARCH_PATHS = (
					"$(inherited)",
					"@executable_path/Frameworks",
				);
				MARKETING_VERSION = 1.0;
				PRODUCT_BUNDLE_IDENTIFIER = alexrodionby.PodcastMagazine;
				PRODUCT_NAME = "$(TARGET_NAME)";
				SUPPORTED_PLATFORMS = "iphoneos iphonesimulator";
				SUPPORTS_MACCATALYST = NO;
				SUPPORTS_MAC_DESIGNED_FOR_IPHONE_IPAD = NO;
				SWIFT_EMIT_LOC_STRINGS = YES;
				SWIFT_VERSION = 5.0;
				TARGETED_DEVICE_FAMILY = 1;
			};
			name = Release;
		};
/* End XCBuildConfiguration section */

/* Begin XCConfigurationList section */
		A1A44D1A2AC18C9700F2FED9 /* Build configuration list for PBXProject "PodcastMagazine" */ = {
			isa = XCConfigurationList;
			buildConfigurations = (
				A1A44D2B2AC18C9800F2FED9 /* Debug */,
				A1A44D2C2AC18C9800F2FED9 /* Release */,
			);
			defaultConfigurationIsVisible = 0;
			defaultConfigurationName = Release;
		};
		A1A44D2D2AC18C9800F2FED9 /* Build configuration list for PBXNativeTarget "PodcastMagazine" */ = {
			isa = XCConfigurationList;
			buildConfigurations = (
				A1A44D2E2AC18C9800F2FED9 /* Debug */,
				A1A44D2F2AC18C9800F2FED9 /* Release */,
			);
			defaultConfigurationIsVisible = 0;
			defaultConfigurationName = Release;
		};
/* End XCConfigurationList section */

/* Begin XCSwiftPackageProductDependency section */
		86F3420D2AC19B870007213C /* Repository */ = {
			isa = XCSwiftPackageProductDependency;
			productName = Repository;
		};
		86F3420F2AC19B8D0007213C /* Models */ = {
			isa = XCSwiftPackageProductDependency;
			productName = Models;
		};
		86FF7EF52AC630F500A8FE52 /* LoadableImage */ = {
			isa = XCSwiftPackageProductDependency;
			productName = LoadableImage;
		};
/* End XCSwiftPackageProductDependency section */
	};
	rootObject = A1A44D172AC18C9700F2FED9 /* Project object */;
}
